
Microsoft Visual Studio Solution File, Format Version 12.00
# Visual Studio 14
VisualStudioVersion = 14.0.25420.1
MinimumVisualStudioVersion = 10.0.40219.1
Project("{54435603-DBB4-11D2-8724-00A0C9A8B90C}") = "IQCare.Release", "..\..\IQCare.Release\IQCare.Release.vdproj", "{15CB5F0F-E2F5-471E-888D-485D14EB8752}"
EndProject
Project("{FAE04EC0-301F-11D3-BF4B-00C04F79EFBC}") = "IQCare.Web.Billing", "..\..\IQCare.Billing\IQCare.Web.Billing\IQCare.Web.Billing.csproj", "{FC234801-3F23-4C49-8250-72573B1953E4}"
	ProjectSection(ProjectDependencies) = postProject
		{DFC70960-E4F4-41E4-B219-B80BA8635B5B} = {DFC70960-E4F4-41E4-B219-B80BA8635B5B}
		{D8CB5960-1D8C-49F6-93C3-8067F6A9BAA8} = {D8CB5960-1D8C-49F6-93C3-8067F6A9BAA8}
	EndProjectSection
EndProject
Project("{FAE04EC0-301F-11D3-BF4B-00C04F79EFBC}") = "IQCare.Web", "..\..\Presentation\IQCare.Web\IQCare.Web.csproj", "{D8CB5960-1D8C-49F6-93C3-8067F6A9BAA8}"
	ProjectSection(ProjectDependencies) = postProject
		{DFC70960-E4F4-41E4-B219-B80BA8635B5B} = {DFC70960-E4F4-41E4-B219-B80BA8635B5B}
	EndProjectSection
EndProject
Project("{FAE04EC0-301F-11D3-BF4B-00C04F79EFBC}") = "IQCare.Web.WebService", "..\..\IQCare.Lookup\IQCare.Web.WebService\IQCare.Web.WebService.csproj", "{DFC70960-E4F4-41E4-B219-B80BA8635B5B}"
EndProject
Project("{FAE04EC0-301F-11D3-BF4B-00C04F79EFBC}") = "IQCare.Web.CCC", "..\..\IQCare.CCC\IQCare.Web.CCC\IQCare.Web.CCC.csproj", "{1FD9CC7D-0CA8-4746-8565-AE446765410A}"
EndProject
Global
	GlobalSection(SolutionConfigurationPlatforms) = preSolution
		Debug|Any CPU = Debug|Any CPU
		Release|Any CPU = Release|Any CPU
	EndGlobalSection
	GlobalSection(ProjectConfigurationPlatforms) = postSolution
		{15CB5F0F-E2F5-471E-888D-485D14EB8752}.Debug|Any CPU.ActiveCfg = Debug
		{15CB5F0F-E2F5-471E-888D-485D14EB8752}.Debug|Any CPU.Build.0 = Debug
		{15CB5F0F-E2F5-471E-888D-485D14EB8752}.Release|Any CPU.ActiveCfg = Release
		{15CB5F0F-E2F5-471E-888D-485D14EB8752}.Release|Any CPU.Build.0 = Release
		{FC234801-3F23-4C49-8250-72573B1953E4}.Debug|Any CPU.ActiveCfg = Debug|Any CPU
		{FC234801-3F23-4C49-8250-72573B1953E4}.Debug|Any CPU.Build.0 = Debug|Any CPU
		{FC234801-3F23-4C49-8250-72573B1953E4}.Release|Any CPU.ActiveCfg = Release|Any CPU
		{FC234801-3F23-4C49-8250-72573B1953E4}.Release|Any CPU.Build.0 = Release|Any CPU
		{D8CB5960-1D8C-49F6-93C3-8067F6A9BAA8}.Debug|Any CPU.ActiveCfg = Debug|Any CPU
		{D8CB5960-1D8C-49F6-93C3-8067F6A9BAA8}.Debug|Any CPU.Build.0 = Debug|Any CPU
		{D8CB5960-1D8C-49F6-93C3-8067F6A9BAA8}.Release|Any CPU.ActiveCfg = Release|Any CPU
		{D8CB5960-1D8C-49F6-93C3-8067F6A9BAA8}.Release|Any CPU.Build.0 = Release|Any CPU
		{DFC70960-E4F4-41E4-B219-B80BA8635B5B}.Debug|Any CPU.ActiveCfg = Debug|Any CPU
		{DFC70960-E4F4-41E4-B219-B80BA8635B5B}.Debug|Any CPU.Build.0 = Debug|Any CPU
		{DFC70960-E4F4-41E4-B219-B80BA8635B5B}.Release|Any CPU.ActiveCfg = Release|Any CPU
		{DFC70960-E4F4-41E4-B219-B80BA8635B5B}.Release|Any CPU.Build.0 = Release|Any CPU
		{1FD9CC7D-0CA8-4746-8565-AE446765410A}.Debug|Any CPU.ActiveCfg = Debug|Any CPU
		{1FD9CC7D-0CA8-4746-8565-AE446765410A}.Debug|Any CPU.Build.0 = Debug|Any CPU
		{1FD9CC7D-0CA8-4746-8565-AE446765410A}.Release|Any CPU.ActiveCfg = Release|Any CPU
		{1FD9CC7D-0CA8-4746-8565-AE446765410A}.Release|Any CPU.Build.0 = Release|Any CPU
	EndGlobalSection
	GlobalSection(SolutionProperties) = preSolution
		HideSolutionNode = FALSE
	EndGlobalSection
EndGlobal
