
Microsoft Visual Studio Solution File, Format Version 12.00
# Visual Studio 15
VisualStudioVersion = 15.0.27130.2036
MinimumVisualStudioVersion = 10.0.40219.1
Project("{9A19103F-16F7-4668-BE54-9A1E7A4F7556}") = "IQCare", "IQCare\IQCare.csproj", "{EACDD6C6-0BD9-42CB-9B34-0CC9877F695D}"
EndProject
Project("{2150E333-8FDC-42A3-9474-1A3956D46DE8}") = "HTS", "HTS", "{8A66A7D9-8308-44EB-966C-22D497DBF834}"
EndProject
Project("{9A19103F-16F7-4668-BE54-9A1E7A4F7556}") = "IQCare.HTS.BusinessProcess", "IQCare.HTS.BusinessProcess\IQCare.HTS.BusinessProcess.csproj", "{EDC20EE6-C8B8-4CAD-9E05-277B224B52DE}"
EndProject
Project("{9A19103F-16F7-4668-BE54-9A1E7A4F7556}") = "IQCare.HTS.Infrastructure", "IQCare.HTS.Infrastructure\IQCare.HTS.Infrastructure.csproj", "{6BBDFAA2-8822-418C-8058-E44D70AE4C19}"
EndProject
Project("{9A19103F-16F7-4668-BE54-9A1E7A4F7556}") = "IQCare.HTS.Core", "IQCare.HTS.Core\IQCare.HTS.Core.csproj", "{83929769-CCD8-4E35-A238-56BCCA80FC9C}"
EndProject
Project("{2150E333-8FDC-42A3-9474-1A3956D46DE8}") = "SharedKernel", "SharedKernel", "{B6F605B1-712A-49E9-8468-C010AA4690CA}"
EndProject
Project("{9A19103F-16F7-4668-BE54-9A1E7A4F7556}") = "IQCare.SharedKernel", "IQCare.SharedKernel\IQCare.SharedKernel.csproj", "{B03D2E58-5623-42B9-92C1-1B5988785663}"
EndProject
Project("{2150E333-8FDC-42A3-9474-1A3956D46DE8}") = "Infrastructrure", "Infrastructrure", "{477C25EA-E3EF-4B30-842C-69A85617B296}"
EndProject
Project("{9A19103F-16F7-4668-BE54-9A1E7A4F7556}") = "IQCare.SharedKernel.Infrastructure", "IQCare.SharedKernel.Infrastructure\IQCare.SharedKernel.Infrastructure.csproj", "{5119076E-903D-4885-8D6A-6869DF37199D}"
EndProject
Project("{9A19103F-16F7-4668-BE54-9A1E7A4F7556}") = "IQCare.HTS.Core.Tests", "IQCare.HTS.Core.Tests\IQCare.HTS.Core.Tests.csproj", "{A5B51C72-5F14-41AD-B650-AB0310FEA469}"
EndProject
Project("{2150E333-8FDC-42A3-9474-1A3956D46DE8}") = "Common", "Common", "{A81EE81E-A949-4968-B7EB-BFD442FE773F}"
EndProject
Project("{9A19103F-16F7-4668-BE54-9A1E7A4F7556}") = "IQCare.Common.BusinessProcess", "IQCare.Common.BusinessProcess\IQCare.Common.BusinessProcess.csproj", "{B2773205-5DE6-4FAC-9D22-6F9C65E87BB7}"
EndProject
Project("{9A19103F-16F7-4668-BE54-9A1E7A4F7556}") = "IQCare.Common.Infrastructure", "IQCare.Common.Infrastructure\IQCare.Common.Infrastructure.csproj", "{BC197B1A-999C-49B0-8CB4-4ACA6E512809}"
EndProject
Project("{9A19103F-16F7-4668-BE54-9A1E7A4F7556}") = "IQCare.Common.Core", "IQCare.Common.Core\IQCare.Common.Core.csproj", "{D3F6CD28-BA14-4DA8-B09D-3967DB8D4B0B}"
EndProject
Project("{2150E333-8FDC-42A3-9474-1A3956D46DE8}") = "Libraries", "Libraries", "{28CA44D5-B4AF-4374-BA97-55094C5D1FD1}"
EndProject
Project("{9A19103F-16F7-4668-BE54-9A1E7A4F7556}") = "IQCare.Records.BusinessProcess", "IQCare.Records.BusinessProcess\IQCare.Records.BusinessProcess.csproj", "{6561E62C-5038-4CD6-8E53-8B909D1DD417}"
EndProject
Project("{9A19103F-16F7-4668-BE54-9A1E7A4F7556}") = "IQCare.Library", "IQCare.Library\IQCare.Library.csproj", "{0FB1AB3D-0FC9-4EF6-99E2-2836F213CAFD}"
EndProject
Project("{9A19103F-16F7-4668-BE54-9A1E7A4F7556}") = "IQCare.PMTCT.Core", "IQCare.PMTCT.Core\IQCare.PMTCT.Core.csproj", "{B0A3B3F2-E2E2-4D60-8A13-953CEAD960AD}"
EndProject
Project("{9A19103F-16F7-4668-BE54-9A1E7A4F7556}") = "IQCare.PMTCT.Infrastructure", "IQCare.PMTCT.Infrastructure\IQCare.PMTCT.Infrastructure.csproj", "{D80FE1F5-2F97-459E-BC12-0E76C239BC5B}"
EndProject
Project("{9A19103F-16F7-4668-BE54-9A1E7A4F7556}") = "IQCare.PMTCT.BusinessProcess", "IQCare.PMTCT.BusinessProcess\IQCare.PMTCT.BusinessProcess.csproj", "{5D9EBB25-97FF-4DE6-BA22-9739FD2DFCE6}"
EndProject
Project("{9A19103F-16F7-4668-BE54-9A1E7A4F7556}") = "IQCare.PMTCT.Services", "IQCare.PMTCT.Services\IQCare.PMTCT.Services.csproj", "{667A25A2-1E06-4312-B318-7BCCAAF5AEB1}"
EndProject
Project("{2150E333-8FDC-42A3-9474-1A3956D46DE8}") = "PMTCT", "PMTCT", "{571F4044-555C-440A-AE29-AD6C00530536}"
EndProject
Project("{9A19103F-16F7-4668-BE54-9A1E7A4F7556}") = "IQCare.Common.Services", "IQCare.Common.Services\IQCare.Common.Services.csproj", "{780B123A-EA7F-41E4-B3BC-C3482E7DB3F4}"
EndProject
Project("{2150E333-8FDC-42A3-9474-1A3956D46DE8}") = "Lab", "Lab", "{C4546E06-0E2E-4FCC-9272-03508FE6B3A2}"
EndProject
Project("{9A19103F-16F7-4668-BE54-9A1E7A4F7556}") = "IQCare.Lab.Core", "IQCare.Lab.Core\IQCare.Lab.Core.csproj", "{4397A351-8794-4BE5-AE07-1ECDECF093B7}"
EndProject
Project("{9A19103F-16F7-4668-BE54-9A1E7A4F7556}") = "IQCare.Lab.BusinessProcess", "IQCare.Lab.BusinessProcess\IQCare.Lab.BusinessProcess.csproj", "{39DFA361-7E5A-46FD-9C5C-E71950869B97}"
EndProject
Project("{9A19103F-16F7-4668-BE54-9A1E7A4F7556}") = "IQCare.Lab.Infrastructure", "IQCare.Lab.Infrastructure\IQCare.Lab.Infrastructure.csproj", "{509FAA56-0A6E-45BA-98CF-0AB031D0FB8C}"
EndProject
Project("{9A19103F-16F7-4668-BE54-9A1E7A4F7556}") = "IQCare.Lab.WebApi", "IQCare.Lab.WebApi\IQCare.Lab.WebApi.csproj", "{2C482B55-A315-487A-9F81-5CACD4A7F502}"
EndProject
Project("{2150E333-8FDC-42A3-9474-1A3956D46DE8}") = "Maternity", "Maternity", "{B8703570-D82C-41A4-B9D9-1A720198EB3F}"
EndProject
Project("{9A19103F-16F7-4668-BE54-9A1E7A4F7556}") = "IQCare.Maternity.Core", "IQCare.Maternity.Core\IQCare.Maternity.Core.csproj", "{A68C46E7-DDE6-40E6-988B-96B8D2EF3600}"
EndProject
Project("{9A19103F-16F7-4668-BE54-9A1E7A4F7556}") = "IQCare.Maternity.Infrastructure", "IQCare.Maternity.Infrastructure\IQCare.Maternity.Infrastructure.csproj", "{771F1CBA-A67A-45D8-AF17-A9E853E3DDAA}"
EndProject
Project("{2150E333-8FDC-42A3-9474-1A3956D46DE8}") = "DBMigration", "DBMigration", "{47AF0369-E7DB-4513-976B-41E9D23CFC89}"
EndProject
Project("{9A19103F-16F7-4668-BE54-9A1E7A4F7556}") = "IQCare.Core.DbMigration", "IQCare.Core.DbMigration\IQCare.Core.DbMigration.csproj", "{62E02B9D-5478-49B3-8A2E-9EE365F7CFF6}"
EndProject
Project("{9A19103F-16F7-4668-BE54-9A1E7A4F7556}") = "IQCare.Maternity.WebApi", "IQCare.Maternity.WebApi\IQCare.Maternity.WebApi.csproj", "{F5F63419-9BE7-4C94-836B-8AB126BD0D2F}"
EndProject
Project("{9A19103F-16F7-4668-BE54-9A1E7A4F7556}") = "IQCare.Maternity.BusinessProcess", "IQCare.Maternity.BusinessProcess\IQCare.Maternity.BusinessProcess.csproj", "{EE5D3728-FEB1-44AD-8E7D-7D5A6DE94059}"
EndProject
Project("{9A19103F-16F7-4668-BE54-9A1E7A4F7556}") = "IQCare.Common.Web", "IQCare.Common.Web\IQCare.Common.Web.csproj", "{92DA8BD1-3054-4CA9-857C-C63B25CE561D}"
EndProject
Project("{2150E333-8FDC-42A3-9474-1A3956D46DE8}") = "AIR", "AIR", "{48135CBB-4C79-4D18-A0CE-B34F1B7BBC5B}"
EndProject
Project("{9A19103F-16F7-4668-BE54-9A1E7A4F7556}") = "IQCare.AIR.Core", "IQCare.AIR.Core\IQCare.AIR.Core.csproj", "{D4451D7E-87AF-4EB1-91E1-BCD6B06F3E0F}"
EndProject
Project("{9A19103F-16F7-4668-BE54-9A1E7A4F7556}") = "IQCare.AIR.BusinessProcess", "IQCare.AIR.BusinessProcess\IQCare.AIR.BusinessProcess.csproj", "{67940DB8-FFC9-4D2B-814D-50442A99102B}"
EndProject
Project("{9A19103F-16F7-4668-BE54-9A1E7A4F7556}") = "IQCare.AIR.Infrastructure", "IQCare.AIR.Infrastructure\IQCare.AIR.Infrastructure.csproj", "{6113B6C6-6911-4D62-915F-8F0CA00C08DA}"
EndProject
Project("{FAE04EC0-301F-11D3-BF4B-00C04F79EFBC}") = "IQCare.AIR.Web", "IQCare.AIR.Web\IQCare.AIR.Web.csproj", "{F377D3E6-FE7D-4EB4-926D-D50C31F4A46B}"
EndProject
Global
	GlobalSection(SolutionConfigurationPlatforms) = preSolution
		Debug|Any CPU = Debug|Any CPU
		Release|Any CPU = Release|Any CPU
	EndGlobalSection
	GlobalSection(ProjectConfigurationPlatforms) = postSolution
		{EACDD6C6-0BD9-42CB-9B34-0CC9877F695D}.Debug|Any CPU.ActiveCfg = Debug|Any CPU
		{EACDD6C6-0BD9-42CB-9B34-0CC9877F695D}.Debug|Any CPU.Build.0 = Debug|Any CPU
		{EACDD6C6-0BD9-42CB-9B34-0CC9877F695D}.Release|Any CPU.ActiveCfg = Release|Any CPU
		{EACDD6C6-0BD9-42CB-9B34-0CC9877F695D}.Release|Any CPU.Build.0 = Release|Any CPU
		{EDC20EE6-C8B8-4CAD-9E05-277B224B52DE}.Debug|Any CPU.ActiveCfg = Debug|Any CPU
		{EDC20EE6-C8B8-4CAD-9E05-277B224B52DE}.Debug|Any CPU.Build.0 = Debug|Any CPU
		{EDC20EE6-C8B8-4CAD-9E05-277B224B52DE}.Release|Any CPU.ActiveCfg = Release|Any CPU
		{EDC20EE6-C8B8-4CAD-9E05-277B224B52DE}.Release|Any CPU.Build.0 = Release|Any CPU
		{6BBDFAA2-8822-418C-8058-E44D70AE4C19}.Debug|Any CPU.ActiveCfg = Debug|Any CPU
		{6BBDFAA2-8822-418C-8058-E44D70AE4C19}.Debug|Any CPU.Build.0 = Debug|Any CPU
		{6BBDFAA2-8822-418C-8058-E44D70AE4C19}.Release|Any CPU.ActiveCfg = Release|Any CPU
		{6BBDFAA2-8822-418C-8058-E44D70AE4C19}.Release|Any CPU.Build.0 = Release|Any CPU
		{83929769-CCD8-4E35-A238-56BCCA80FC9C}.Debug|Any CPU.ActiveCfg = Debug|Any CPU
		{83929769-CCD8-4E35-A238-56BCCA80FC9C}.Debug|Any CPU.Build.0 = Debug|Any CPU
		{83929769-CCD8-4E35-A238-56BCCA80FC9C}.Release|Any CPU.ActiveCfg = Release|Any CPU
		{83929769-CCD8-4E35-A238-56BCCA80FC9C}.Release|Any CPU.Build.0 = Release|Any CPU
		{B03D2E58-5623-42B9-92C1-1B5988785663}.Debug|Any CPU.ActiveCfg = Debug|Any CPU
		{B03D2E58-5623-42B9-92C1-1B5988785663}.Debug|Any CPU.Build.0 = Debug|Any CPU
		{B03D2E58-5623-42B9-92C1-1B5988785663}.Release|Any CPU.ActiveCfg = Release|Any CPU
		{B03D2E58-5623-42B9-92C1-1B5988785663}.Release|Any CPU.Build.0 = Release|Any CPU
		{5119076E-903D-4885-8D6A-6869DF37199D}.Debug|Any CPU.ActiveCfg = Debug|Any CPU
		{5119076E-903D-4885-8D6A-6869DF37199D}.Debug|Any CPU.Build.0 = Debug|Any CPU
		{5119076E-903D-4885-8D6A-6869DF37199D}.Release|Any CPU.ActiveCfg = Release|Any CPU
		{5119076E-903D-4885-8D6A-6869DF37199D}.Release|Any CPU.Build.0 = Release|Any CPU
		{A5B51C72-5F14-41AD-B650-AB0310FEA469}.Debug|Any CPU.ActiveCfg = Debug|Any CPU
		{A5B51C72-5F14-41AD-B650-AB0310FEA469}.Debug|Any CPU.Build.0 = Debug|Any CPU
		{A5B51C72-5F14-41AD-B650-AB0310FEA469}.Release|Any CPU.ActiveCfg = Release|Any CPU
		{A5B51C72-5F14-41AD-B650-AB0310FEA469}.Release|Any CPU.Build.0 = Release|Any CPU
		{B2773205-5DE6-4FAC-9D22-6F9C65E87BB7}.Debug|Any CPU.ActiveCfg = Debug|Any CPU
		{B2773205-5DE6-4FAC-9D22-6F9C65E87BB7}.Debug|Any CPU.Build.0 = Debug|Any CPU
		{B2773205-5DE6-4FAC-9D22-6F9C65E87BB7}.Release|Any CPU.ActiveCfg = Release|Any CPU
		{B2773205-5DE6-4FAC-9D22-6F9C65E87BB7}.Release|Any CPU.Build.0 = Release|Any CPU
		{BC197B1A-999C-49B0-8CB4-4ACA6E512809}.Debug|Any CPU.ActiveCfg = Debug|Any CPU
		{BC197B1A-999C-49B0-8CB4-4ACA6E512809}.Debug|Any CPU.Build.0 = Debug|Any CPU
		{BC197B1A-999C-49B0-8CB4-4ACA6E512809}.Release|Any CPU.ActiveCfg = Release|Any CPU
		{BC197B1A-999C-49B0-8CB4-4ACA6E512809}.Release|Any CPU.Build.0 = Release|Any CPU
		{D3F6CD28-BA14-4DA8-B09D-3967DB8D4B0B}.Debug|Any CPU.ActiveCfg = Debug|Any CPU
		{D3F6CD28-BA14-4DA8-B09D-3967DB8D4B0B}.Debug|Any CPU.Build.0 = Debug|Any CPU
		{D3F6CD28-BA14-4DA8-B09D-3967DB8D4B0B}.Release|Any CPU.ActiveCfg = Release|Any CPU
		{D3F6CD28-BA14-4DA8-B09D-3967DB8D4B0B}.Release|Any CPU.Build.0 = Release|Any CPU
		{6561E62C-5038-4CD6-8E53-8B909D1DD417}.Debug|Any CPU.ActiveCfg = Debug|Any CPU
		{6561E62C-5038-4CD6-8E53-8B909D1DD417}.Debug|Any CPU.Build.0 = Debug|Any CPU
		{6561E62C-5038-4CD6-8E53-8B909D1DD417}.Release|Any CPU.ActiveCfg = Release|Any CPU
		{6561E62C-5038-4CD6-8E53-8B909D1DD417}.Release|Any CPU.Build.0 = Release|Any CPU
		{0FB1AB3D-0FC9-4EF6-99E2-2836F213CAFD}.Debug|Any CPU.ActiveCfg = Debug|Any CPU
		{0FB1AB3D-0FC9-4EF6-99E2-2836F213CAFD}.Debug|Any CPU.Build.0 = Debug|Any CPU
		{0FB1AB3D-0FC9-4EF6-99E2-2836F213CAFD}.Release|Any CPU.ActiveCfg = Release|Any CPU
		{0FB1AB3D-0FC9-4EF6-99E2-2836F213CAFD}.Release|Any CPU.Build.0 = Release|Any CPU
		{B0A3B3F2-E2E2-4D60-8A13-953CEAD960AD}.Debug|Any CPU.ActiveCfg = Debug|Any CPU
		{B0A3B3F2-E2E2-4D60-8A13-953CEAD960AD}.Debug|Any CPU.Build.0 = Debug|Any CPU
		{B0A3B3F2-E2E2-4D60-8A13-953CEAD960AD}.Release|Any CPU.ActiveCfg = Release|Any CPU
		{B0A3B3F2-E2E2-4D60-8A13-953CEAD960AD}.Release|Any CPU.Build.0 = Release|Any CPU
		{D80FE1F5-2F97-459E-BC12-0E76C239BC5B}.Debug|Any CPU.ActiveCfg = Debug|Any CPU
		{D80FE1F5-2F97-459E-BC12-0E76C239BC5B}.Debug|Any CPU.Build.0 = Debug|Any CPU
		{D80FE1F5-2F97-459E-BC12-0E76C239BC5B}.Release|Any CPU.ActiveCfg = Release|Any CPU
		{D80FE1F5-2F97-459E-BC12-0E76C239BC5B}.Release|Any CPU.Build.0 = Release|Any CPU
		{5D9EBB25-97FF-4DE6-BA22-9739FD2DFCE6}.Debug|Any CPU.ActiveCfg = Debug|Any CPU
		{5D9EBB25-97FF-4DE6-BA22-9739FD2DFCE6}.Debug|Any CPU.Build.0 = Debug|Any CPU
		{5D9EBB25-97FF-4DE6-BA22-9739FD2DFCE6}.Release|Any CPU.ActiveCfg = Release|Any CPU
		{5D9EBB25-97FF-4DE6-BA22-9739FD2DFCE6}.Release|Any CPU.Build.0 = Release|Any CPU
		{667A25A2-1E06-4312-B318-7BCCAAF5AEB1}.Debug|Any CPU.ActiveCfg = Debug|Any CPU
		{667A25A2-1E06-4312-B318-7BCCAAF5AEB1}.Debug|Any CPU.Build.0 = Debug|Any CPU
		{667A25A2-1E06-4312-B318-7BCCAAF5AEB1}.Release|Any CPU.ActiveCfg = Release|Any CPU
		{667A25A2-1E06-4312-B318-7BCCAAF5AEB1}.Release|Any CPU.Build.0 = Release|Any CPU
		{780B123A-EA7F-41E4-B3BC-C3482E7DB3F4}.Debug|Any CPU.ActiveCfg = Debug|Any CPU
		{780B123A-EA7F-41E4-B3BC-C3482E7DB3F4}.Debug|Any CPU.Build.0 = Debug|Any CPU
		{780B123A-EA7F-41E4-B3BC-C3482E7DB3F4}.Release|Any CPU.ActiveCfg = Release|Any CPU
		{780B123A-EA7F-41E4-B3BC-C3482E7DB3F4}.Release|Any CPU.Build.0 = Release|Any CPU
		{4397A351-8794-4BE5-AE07-1ECDECF093B7}.Debug|Any CPU.ActiveCfg = Debug|Any CPU
		{4397A351-8794-4BE5-AE07-1ECDECF093B7}.Debug|Any CPU.Build.0 = Debug|Any CPU
		{4397A351-8794-4BE5-AE07-1ECDECF093B7}.Release|Any CPU.ActiveCfg = Release|Any CPU
		{4397A351-8794-4BE5-AE07-1ECDECF093B7}.Release|Any CPU.Build.0 = Release|Any CPU
		{39DFA361-7E5A-46FD-9C5C-E71950869B97}.Debug|Any CPU.ActiveCfg = Debug|Any CPU
		{39DFA361-7E5A-46FD-9C5C-E71950869B97}.Debug|Any CPU.Build.0 = Debug|Any CPU
		{39DFA361-7E5A-46FD-9C5C-E71950869B97}.Release|Any CPU.ActiveCfg = Release|Any CPU
		{39DFA361-7E5A-46FD-9C5C-E71950869B97}.Release|Any CPU.Build.0 = Release|Any CPU
		{509FAA56-0A6E-45BA-98CF-0AB031D0FB8C}.Debug|Any CPU.ActiveCfg = Debug|Any CPU
		{509FAA56-0A6E-45BA-98CF-0AB031D0FB8C}.Debug|Any CPU.Build.0 = Debug|Any CPU
		{509FAA56-0A6E-45BA-98CF-0AB031D0FB8C}.Release|Any CPU.ActiveCfg = Release|Any CPU
		{509FAA56-0A6E-45BA-98CF-0AB031D0FB8C}.Release|Any CPU.Build.0 = Release|Any CPU
		{2C482B55-A315-487A-9F81-5CACD4A7F502}.Debug|Any CPU.ActiveCfg = Debug|Any CPU
		{2C482B55-A315-487A-9F81-5CACD4A7F502}.Debug|Any CPU.Build.0 = Debug|Any CPU
		{2C482B55-A315-487A-9F81-5CACD4A7F502}.Release|Any CPU.ActiveCfg = Release|Any CPU
		{2C482B55-A315-487A-9F81-5CACD4A7F502}.Release|Any CPU.Build.0 = Release|Any CPU
		{A68C46E7-DDE6-40E6-988B-96B8D2EF3600}.Debug|Any CPU.ActiveCfg = Debug|Any CPU
		{A68C46E7-DDE6-40E6-988B-96B8D2EF3600}.Debug|Any CPU.Build.0 = Debug|Any CPU
		{A68C46E7-DDE6-40E6-988B-96B8D2EF3600}.Release|Any CPU.ActiveCfg = Release|Any CPU
		{A68C46E7-DDE6-40E6-988B-96B8D2EF3600}.Release|Any CPU.Build.0 = Release|Any CPU
		{771F1CBA-A67A-45D8-AF17-A9E853E3DDAA}.Debug|Any CPU.ActiveCfg = Debug|Any CPU
		{771F1CBA-A67A-45D8-AF17-A9E853E3DDAA}.Debug|Any CPU.Build.0 = Debug|Any CPU
		{771F1CBA-A67A-45D8-AF17-A9E853E3DDAA}.Release|Any CPU.ActiveCfg = Release|Any CPU
		{771F1CBA-A67A-45D8-AF17-A9E853E3DDAA}.Release|Any CPU.Build.0 = Release|Any CPU
		{62E02B9D-5478-49B3-8A2E-9EE365F7CFF6}.Debug|Any CPU.ActiveCfg = Debug|Any CPU
		{62E02B9D-5478-49B3-8A2E-9EE365F7CFF6}.Debug|Any CPU.Build.0 = Debug|Any CPU
		{62E02B9D-5478-49B3-8A2E-9EE365F7CFF6}.Release|Any CPU.ActiveCfg = Release|Any CPU
		{62E02B9D-5478-49B3-8A2E-9EE365F7CFF6}.Release|Any CPU.Build.0 = Release|Any CPU
		{F5F63419-9BE7-4C94-836B-8AB126BD0D2F}.Debug|Any CPU.ActiveCfg = Debug|Any CPU
		{F5F63419-9BE7-4C94-836B-8AB126BD0D2F}.Debug|Any CPU.Build.0 = Debug|Any CPU
		{F5F63419-9BE7-4C94-836B-8AB126BD0D2F}.Release|Any CPU.ActiveCfg = Release|Any CPU
		{F5F63419-9BE7-4C94-836B-8AB126BD0D2F}.Release|Any CPU.Build.0 = Release|Any CPU
		{EE5D3728-FEB1-44AD-8E7D-7D5A6DE94059}.Debug|Any CPU.ActiveCfg = Debug|Any CPU
		{EE5D3728-FEB1-44AD-8E7D-7D5A6DE94059}.Debug|Any CPU.Build.0 = Debug|Any CPU
		{EE5D3728-FEB1-44AD-8E7D-7D5A6DE94059}.Release|Any CPU.ActiveCfg = Release|Any CPU
		{EE5D3728-FEB1-44AD-8E7D-7D5A6DE94059}.Release|Any CPU.Build.0 = Release|Any CPU
		{92DA8BD1-3054-4CA9-857C-C63B25CE561D}.Debug|Any CPU.ActiveCfg = Debug|Any CPU
		{92DA8BD1-3054-4CA9-857C-C63B25CE561D}.Debug|Any CPU.Build.0 = Debug|Any CPU
		{92DA8BD1-3054-4CA9-857C-C63B25CE561D}.Release|Any CPU.ActiveCfg = Release|Any CPU
		{92DA8BD1-3054-4CA9-857C-C63B25CE561D}.Release|Any CPU.Build.0 = Release|Any CPU
		{D4451D7E-87AF-4EB1-91E1-BCD6B06F3E0F}.Debug|Any CPU.ActiveCfg = Debug|Any CPU
		{D4451D7E-87AF-4EB1-91E1-BCD6B06F3E0F}.Debug|Any CPU.Build.0 = Debug|Any CPU
		{D4451D7E-87AF-4EB1-91E1-BCD6B06F3E0F}.Release|Any CPU.ActiveCfg = Release|Any CPU
		{D4451D7E-87AF-4EB1-91E1-BCD6B06F3E0F}.Release|Any CPU.Build.0 = Release|Any CPU
		{67940DB8-FFC9-4D2B-814D-50442A99102B}.Debug|Any CPU.ActiveCfg = Debug|Any CPU
		{67940DB8-FFC9-4D2B-814D-50442A99102B}.Debug|Any CPU.Build.0 = Debug|Any CPU
		{67940DB8-FFC9-4D2B-814D-50442A99102B}.Release|Any CPU.ActiveCfg = Release|Any CPU
		{67940DB8-FFC9-4D2B-814D-50442A99102B}.Release|Any CPU.Build.0 = Release|Any CPU
		{6113B6C6-6911-4D62-915F-8F0CA00C08DA}.Debug|Any CPU.ActiveCfg = Debug|Any CPU
		{6113B6C6-6911-4D62-915F-8F0CA00C08DA}.Debug|Any CPU.Build.0 = Debug|Any CPU
		{6113B6C6-6911-4D62-915F-8F0CA00C08DA}.Release|Any CPU.ActiveCfg = Release|Any CPU
		{6113B6C6-6911-4D62-915F-8F0CA00C08DA}.Release|Any CPU.Build.0 = Release|Any CPU
		{F377D3E6-FE7D-4EB4-926D-D50C31F4A46B}.Debug|Any CPU.ActiveCfg = Debug|Any CPU
		{F377D3E6-FE7D-4EB4-926D-D50C31F4A46B}.Debug|Any CPU.Build.0 = Debug|Any CPU
		{F377D3E6-FE7D-4EB4-926D-D50C31F4A46B}.Release|Any CPU.ActiveCfg = Release|Any CPU
		{F377D3E6-FE7D-4EB4-926D-D50C31F4A46B}.Release|Any CPU.Build.0 = Release|Any CPU
	EndGlobalSection
	GlobalSection(SolutionProperties) = preSolution
		HideSolutionNode = FALSE
	EndGlobalSection
	GlobalSection(NestedProjects) = preSolution
		{EDC20EE6-C8B8-4CAD-9E05-277B224B52DE} = {8A66A7D9-8308-44EB-966C-22D497DBF834}
		{6BBDFAA2-8822-418C-8058-E44D70AE4C19} = {8A66A7D9-8308-44EB-966C-22D497DBF834}
		{83929769-CCD8-4E35-A238-56BCCA80FC9C} = {8A66A7D9-8308-44EB-966C-22D497DBF834}
		{B03D2E58-5623-42B9-92C1-1B5988785663} = {B6F605B1-712A-49E9-8468-C010AA4690CA}
		{477C25EA-E3EF-4B30-842C-69A85617B296} = {B6F605B1-712A-49E9-8468-C010AA4690CA}
		{5119076E-903D-4885-8D6A-6869DF37199D} = {477C25EA-E3EF-4B30-842C-69A85617B296}
		{A5B51C72-5F14-41AD-B650-AB0310FEA469} = {8A66A7D9-8308-44EB-966C-22D497DBF834}
		{B2773205-5DE6-4FAC-9D22-6F9C65E87BB7} = {A81EE81E-A949-4968-B7EB-BFD442FE773F}
		{BC197B1A-999C-49B0-8CB4-4ACA6E512809} = {A81EE81E-A949-4968-B7EB-BFD442FE773F}
		{D3F6CD28-BA14-4DA8-B09D-3967DB8D4B0B} = {A81EE81E-A949-4968-B7EB-BFD442FE773F}
		{6561E62C-5038-4CD6-8E53-8B909D1DD417} = {A81EE81E-A949-4968-B7EB-BFD442FE773F}
		{0FB1AB3D-0FC9-4EF6-99E2-2836F213CAFD} = {28CA44D5-B4AF-4374-BA97-55094C5D1FD1}
		{B0A3B3F2-E2E2-4D60-8A13-953CEAD960AD} = {571F4044-555C-440A-AE29-AD6C00530536}
		{D80FE1F5-2F97-459E-BC12-0E76C239BC5B} = {571F4044-555C-440A-AE29-AD6C00530536}
		{5D9EBB25-97FF-4DE6-BA22-9739FD2DFCE6} = {571F4044-555C-440A-AE29-AD6C00530536}
		{667A25A2-1E06-4312-B318-7BCCAAF5AEB1} = {571F4044-555C-440A-AE29-AD6C00530536}
		{780B123A-EA7F-41E4-B3BC-C3482E7DB3F4} = {A81EE81E-A949-4968-B7EB-BFD442FE773F}
		{4397A351-8794-4BE5-AE07-1ECDECF093B7} = {C4546E06-0E2E-4FCC-9272-03508FE6B3A2}
		{39DFA361-7E5A-46FD-9C5C-E71950869B97} = {C4546E06-0E2E-4FCC-9272-03508FE6B3A2}
		{509FAA56-0A6E-45BA-98CF-0AB031D0FB8C} = {C4546E06-0E2E-4FCC-9272-03508FE6B3A2}
		{2C482B55-A315-487A-9F81-5CACD4A7F502} = {C4546E06-0E2E-4FCC-9272-03508FE6B3A2}
		{A68C46E7-DDE6-40E6-988B-96B8D2EF3600} = {B8703570-D82C-41A4-B9D9-1A720198EB3F}
		{771F1CBA-A67A-45D8-AF17-A9E853E3DDAA} = {B8703570-D82C-41A4-B9D9-1A720198EB3F}
		{62E02B9D-5478-49B3-8A2E-9EE365F7CFF6} = {47AF0369-E7DB-4513-976B-41E9D23CFC89}
		{F5F63419-9BE7-4C94-836B-8AB126BD0D2F} = {B8703570-D82C-41A4-B9D9-1A720198EB3F}
		{EE5D3728-FEB1-44AD-8E7D-7D5A6DE94059} = {B8703570-D82C-41A4-B9D9-1A720198EB3F}
		{92DA8BD1-3054-4CA9-857C-C63B25CE561D} = {A81EE81E-A949-4968-B7EB-BFD442FE773F}
		{D4451D7E-87AF-4EB1-91E1-BCD6B06F3E0F} = {48135CBB-4C79-4D18-A0CE-B34F1B7BBC5B}
		{67940DB8-FFC9-4D2B-814D-50442A99102B} = {48135CBB-4C79-4D18-A0CE-B34F1B7BBC5B}
		{6113B6C6-6911-4D62-915F-8F0CA00C08DA} = {48135CBB-4C79-4D18-A0CE-B34F1B7BBC5B}
		{F377D3E6-FE7D-4EB4-926D-D50C31F4A46B} = {48135CBB-4C79-4D18-A0CE-B34F1B7BBC5B}
	EndGlobalSection
	GlobalSection(ExtensibilityGlobals) = postSolution
		SolutionGuid = {6748284C-28D2-4D64-B4DE-832CF3A54CC2}
	EndGlobalSection
EndGlobal
