
Microsoft Visual Studio Solution File, Format Version 12.00
# Visual Studio 15
VisualStudioVersion = 15.0.27130.2024
MinimumVisualStudioVersion = 10.0.40219.1
Project("{9A19103F-16F7-4668-BE54-9A1E7A4F7556}") = "IQCare", "IQCare\IQCare.csproj", "{EACDD6C6-0BD9-42CB-9B34-0CC9877F695D}"
EndProject
Project("{2150E333-8FDC-42A3-9474-1A3956D46DE8}") = "HTS", "HTS", "{8A66A7D9-8308-44EB-966C-22D497DBF834}"
EndProject
Project("{9A19103F-16F7-4668-BE54-9A1E7A4F7556}") = "IQCare.HTS.BusinessProcess", "IQCare.HTS.BusinessProcess\IQCare.HTS.BusinessProcess.csproj", "{EDC20EE6-C8B8-4CAD-9E05-277B224B52DE}"
EndProject
Project("{9A19103F-16F7-4668-BE54-9A1E7A4F7556}") = "IQCare.HTS.Infrastructure", "IQCare.HTS.Infrastructure\IQCare.HTS.Infrastructure.csproj", "{6BBDFAA2-8822-418C-8058-E44D70AE4C19}"
EndProject
Project("{9A19103F-16F7-4668-BE54-9A1E7A4F7556}") = "IQCare.HTS.Core", "IQCare.HTS.Core\IQCare.HTS.Core.csproj", "{83929769-CCD8-4E35-A238-56BCCA80FC9C}"
EndProject
Project("{2150E333-8FDC-42A3-9474-1A3956D46DE8}") = "SharedKernel", "SharedKernel", "{B6F605B1-712A-49E9-8468-C010AA4690CA}"
EndProject
Project("{9A19103F-16F7-4668-BE54-9A1E7A4F7556}") = "IQCare.SharedKernel", "IQCare.SharedKernel\IQCare.SharedKernel.csproj", "{B03D2E58-5623-42B9-92C1-1B5988785663}"
EndProject
Project("{2150E333-8FDC-42A3-9474-1A3956D46DE8}") = "Infrastructrure", "Infrastructrure", "{477C25EA-E3EF-4B30-842C-69A85617B296}"
EndProject
Project("{9A19103F-16F7-4668-BE54-9A1E7A4F7556}") = "IQCare.SharedKernel.Infrastructure", "IQCare.SharedKernel.Infrastructure\IQCare.SharedKernel.Infrastructure.csproj", "{5119076E-903D-4885-8D6A-6869DF37199D}"
EndProject
Project("{9A19103F-16F7-4668-BE54-9A1E7A4F7556}") = "IQCare.HTS.Core.Tests", "IQCare.HTS.Core.Tests\IQCare.HTS.Core.Tests.csproj", "{A5B51C72-5F14-41AD-B650-AB0310FEA469}"
EndProject
Project("{2150E333-8FDC-42A3-9474-1A3956D46DE8}") = "Common", "Common", "{A81EE81E-A949-4968-B7EB-BFD442FE773F}"
EndProject
Project("{9A19103F-16F7-4668-BE54-9A1E7A4F7556}") = "IQCare.Common.BusinessProcess", "IQCare.Common.BusinessProcess\IQCare.Common.BusinessProcess.csproj", "{B2773205-5DE6-4FAC-9D22-6F9C65E87BB7}"
EndProject
Project("{9A19103F-16F7-4668-BE54-9A1E7A4F7556}") = "IQCare.Common.Infrastructure", "IQCare.Common.Infrastructure\IQCare.Common.Infrastructure.csproj", "{BC197B1A-999C-49B0-8CB4-4ACA6E512809}"
EndProject
Project("{9A19103F-16F7-4668-BE54-9A1E7A4F7556}") = "IQCare.Common.Core", "IQCare.Common.Core\IQCare.Common.Core.csproj", "{D3F6CD28-BA14-4DA8-B09D-3967DB8D4B0B}"
EndProject
Project("{2150E333-8FDC-42A3-9474-1A3956D46DE8}") = "Libraries", "Libraries", "{28CA44D5-B4AF-4374-BA97-55094C5D1FD1}"
EndProject
Project("{9A19103F-16F7-4668-BE54-9A1E7A4F7556}") = "IQCare.Library", "IQCare.Library\IQCare.Library.csproj", "{06FA84C3-3212-44C1-AFE9-A58F827D345B}"
EndProject
Project("{FAE04EC0-301F-11D3-BF4B-00C04F79EFBC}") = "IQCare.PMTCT", "IQCare.PMTCT\IQCare.PMTCT.csproj", "{A41D9749-CDE4-4A52-B53C-B49F7DE52CC8}"
EndProject
Global
	GlobalSection(SolutionConfigurationPlatforms) = preSolution
		Debug|Any CPU = Debug|Any CPU
		Release|Any CPU = Release|Any CPU
	EndGlobalSection
	GlobalSection(ProjectConfigurationPlatforms) = postSolution
		{EACDD6C6-0BD9-42CB-9B34-0CC9877F695D}.Debug|Any CPU.ActiveCfg = Debug|Any CPU
		{EACDD6C6-0BD9-42CB-9B34-0CC9877F695D}.Debug|Any CPU.Build.0 = Debug|Any CPU
		{EACDD6C6-0BD9-42CB-9B34-0CC9877F695D}.Release|Any CPU.ActiveCfg = Release|Any CPU
		{EACDD6C6-0BD9-42CB-9B34-0CC9877F695D}.Release|Any CPU.Build.0 = Release|Any CPU
		{EDC20EE6-C8B8-4CAD-9E05-277B224B52DE}.Debug|Any CPU.ActiveCfg = Debug|Any CPU
		{EDC20EE6-C8B8-4CAD-9E05-277B224B52DE}.Debug|Any CPU.Build.0 = Debug|Any CPU
		{EDC20EE6-C8B8-4CAD-9E05-277B224B52DE}.Release|Any CPU.ActiveCfg = Release|Any CPU
		{EDC20EE6-C8B8-4CAD-9E05-277B224B52DE}.Release|Any CPU.Build.0 = Release|Any CPU
		{6BBDFAA2-8822-418C-8058-E44D70AE4C19}.Debug|Any CPU.ActiveCfg = Debug|Any CPU
		{6BBDFAA2-8822-418C-8058-E44D70AE4C19}.Debug|Any CPU.Build.0 = Debug|Any CPU
		{6BBDFAA2-8822-418C-8058-E44D70AE4C19}.Release|Any CPU.ActiveCfg = Release|Any CPU
		{6BBDFAA2-8822-418C-8058-E44D70AE4C19}.Release|Any CPU.Build.0 = Release|Any CPU
		{83929769-CCD8-4E35-A238-56BCCA80FC9C}.Debug|Any CPU.ActiveCfg = Debug|Any CPU
		{83929769-CCD8-4E35-A238-56BCCA80FC9C}.Debug|Any CPU.Build.0 = Debug|Any CPU
		{83929769-CCD8-4E35-A238-56BCCA80FC9C}.Release|Any CPU.ActiveCfg = Release|Any CPU
		{83929769-CCD8-4E35-A238-56BCCA80FC9C}.Release|Any CPU.Build.0 = Release|Any CPU
		{B03D2E58-5623-42B9-92C1-1B5988785663}.Debug|Any CPU.ActiveCfg = Debug|Any CPU
		{B03D2E58-5623-42B9-92C1-1B5988785663}.Debug|Any CPU.Build.0 = Debug|Any CPU
		{B03D2E58-5623-42B9-92C1-1B5988785663}.Release|Any CPU.ActiveCfg = Release|Any CPU
		{B03D2E58-5623-42B9-92C1-1B5988785663}.Release|Any CPU.Build.0 = Release|Any CPU
		{5119076E-903D-4885-8D6A-6869DF37199D}.Debug|Any CPU.ActiveCfg = Debug|Any CPU
		{5119076E-903D-4885-8D6A-6869DF37199D}.Debug|Any CPU.Build.0 = Debug|Any CPU
		{5119076E-903D-4885-8D6A-6869DF37199D}.Release|Any CPU.ActiveCfg = Release|Any CPU
		{5119076E-903D-4885-8D6A-6869DF37199D}.Release|Any CPU.Build.0 = Release|Any CPU
		{A5B51C72-5F14-41AD-B650-AB0310FEA469}.Debug|Any CPU.ActiveCfg = Debug|Any CPU
		{A5B51C72-5F14-41AD-B650-AB0310FEA469}.Debug|Any CPU.Build.0 = Debug|Any CPU
		{A5B51C72-5F14-41AD-B650-AB0310FEA469}.Release|Any CPU.ActiveCfg = Release|Any CPU
		{A5B51C72-5F14-41AD-B650-AB0310FEA469}.Release|Any CPU.Build.0 = Release|Any CPU
		{B2773205-5DE6-4FAC-9D22-6F9C65E87BB7}.Debug|Any CPU.ActiveCfg = Debug|Any CPU
		{B2773205-5DE6-4FAC-9D22-6F9C65E87BB7}.Debug|Any CPU.Build.0 = Debug|Any CPU
		{B2773205-5DE6-4FAC-9D22-6F9C65E87BB7}.Release|Any CPU.ActiveCfg = Release|Any CPU
		{B2773205-5DE6-4FAC-9D22-6F9C65E87BB7}.Release|Any CPU.Build.0 = Release|Any CPU
		{BC197B1A-999C-49B0-8CB4-4ACA6E512809}.Debug|Any CPU.ActiveCfg = Debug|Any CPU
		{BC197B1A-999C-49B0-8CB4-4ACA6E512809}.Debug|Any CPU.Build.0 = Debug|Any CPU
		{BC197B1A-999C-49B0-8CB4-4ACA6E512809}.Release|Any CPU.ActiveCfg = Release|Any CPU
		{BC197B1A-999C-49B0-8CB4-4ACA6E512809}.Release|Any CPU.Build.0 = Release|Any CPU
		{D3F6CD28-BA14-4DA8-B09D-3967DB8D4B0B}.Debug|Any CPU.ActiveCfg = Debug|Any CPU
		{D3F6CD28-BA14-4DA8-B09D-3967DB8D4B0B}.Debug|Any CPU.Build.0 = Debug|Any CPU
		{D3F6CD28-BA14-4DA8-B09D-3967DB8D4B0B}.Release|Any CPU.ActiveCfg = Release|Any CPU
		{D3F6CD28-BA14-4DA8-B09D-3967DB8D4B0B}.Release|Any CPU.Build.0 = Release|Any CPU
		{06FA84C3-3212-44C1-AFE9-A58F827D345B}.Debug|Any CPU.ActiveCfg = Debug|Any CPU
		{06FA84C3-3212-44C1-AFE9-A58F827D345B}.Debug|Any CPU.Build.0 = Debug|Any CPU
		{06FA84C3-3212-44C1-AFE9-A58F827D345B}.Release|Any CPU.ActiveCfg = Release|Any CPU
		{06FA84C3-3212-44C1-AFE9-A58F827D345B}.Release|Any CPU.Build.0 = Release|Any CPU
		{A41D9749-CDE4-4A52-B53C-B49F7DE52CC8}.Debug|Any CPU.ActiveCfg = Debug|Any CPU
		{A41D9749-CDE4-4A52-B53C-B49F7DE52CC8}.Debug|Any CPU.Build.0 = Debug|Any CPU
		{A41D9749-CDE4-4A52-B53C-B49F7DE52CC8}.Release|Any CPU.ActiveCfg = Release|Any CPU
		{A41D9749-CDE4-4A52-B53C-B49F7DE52CC8}.Release|Any CPU.Build.0 = Release|Any CPU
	EndGlobalSection
	GlobalSection(SolutionProperties) = preSolution
		HideSolutionNode = FALSE
	EndGlobalSection
	GlobalSection(NestedProjects) = preSolution
		{EDC20EE6-C8B8-4CAD-9E05-277B224B52DE} = {8A66A7D9-8308-44EB-966C-22D497DBF834}
		{6BBDFAA2-8822-418C-8058-E44D70AE4C19} = {8A66A7D9-8308-44EB-966C-22D497DBF834}
		{83929769-CCD8-4E35-A238-56BCCA80FC9C} = {8A66A7D9-8308-44EB-966C-22D497DBF834}
		{B03D2E58-5623-42B9-92C1-1B5988785663} = {B6F605B1-712A-49E9-8468-C010AA4690CA}
		{477C25EA-E3EF-4B30-842C-69A85617B296} = {B6F605B1-712A-49E9-8468-C010AA4690CA}
		{5119076E-903D-4885-8D6A-6869DF37199D} = {477C25EA-E3EF-4B30-842C-69A85617B296}
		{A5B51C72-5F14-41AD-B650-AB0310FEA469} = {8A66A7D9-8308-44EB-966C-22D497DBF834}
		{B2773205-5DE6-4FAC-9D22-6F9C65E87BB7} = {A81EE81E-A949-4968-B7EB-BFD442FE773F}
		{BC197B1A-999C-49B0-8CB4-4ACA6E512809} = {A81EE81E-A949-4968-B7EB-BFD442FE773F}
		{D3F6CD28-BA14-4DA8-B09D-3967DB8D4B0B} = {A81EE81E-A949-4968-B7EB-BFD442FE773F}
		{06FA84C3-3212-44C1-AFE9-A58F827D345B} = {28CA44D5-B4AF-4374-BA97-55094C5D1FD1}
		{A41D9749-CDE4-4A52-B53C-B49F7DE52CC8} = {A81EE81E-A949-4968-B7EB-BFD442FE773F}
	EndGlobalSection
	GlobalSection(ExtensibilityGlobals) = postSolution
		SolutionGuid = {6748284C-28D2-4D64-B4DE-832CF3A54CC2}
	EndGlobalSection
EndGlobal
