
Microsoft Visual Studio Solution File, Format Version 12.00
# Visual Studio 15
VisualStudioVersion = 15.0.26730.16
MinimumVisualStudioVersion = 10.0.40219.1
Project("{9A19103F-16F7-4668-BE54-9A1E7A4F7556}") = "IQCare.Web.Api", "IQCare.Web.API\IQCare.Web.Api.csproj", "{3530AE08-582A-456A-A782-C78DBF6B9030}"
	ProjectSection(ProjectDependencies) = postProject
		{1D970911-06B2-41F5-97B5-BFAA0264D833} = {1D970911-06B2-41F5-97B5-BFAA0264D833}
		{62A2C82B-D183-4989-930A-E0451600A100} = {62A2C82B-D183-4989-930A-E0451600A100}
		{062E43AE-C832-49DE-8ACC-4FFC9ABB4073} = {062E43AE-C832-49DE-8ACC-4FFC9ABB4073}
		{13CA40EB-1DB9-43C8-A1FA-CB6580D27DC3} = {13CA40EB-1DB9-43C8-A1FA-CB6580D27DC3}
		{88FAAEFB-FF2F-46CF-98ED-62AB2704A12F} = {88FAAEFB-FF2F-46CF-98ED-62AB2704A12F}
	EndProjectSection
EndProject
Project("{FAE04EC0-301F-11D3-BF4B-00C04F79EFBC}") = "BusinessProcess.WebApi", "BusinessProcess.WebApi\BusinessProcess.WebApi.csproj", "{1D970911-06B2-41F5-97B5-BFAA0264D833}"
	ProjectSection(ProjectDependencies) = postProject
		{13CA40EB-1DB9-43C8-A1FA-CB6580D27DC3} = {13CA40EB-1DB9-43C8-A1FA-CB6580D27DC3}
	EndProjectSection
EndProject
Project("{FAE04EC0-301F-11D3-BF4B-00C04F79EFBC}") = "DataAccess.WebApi", "DataAccess.WebApi\DataAccess.WebApi.csproj", "{88FAAEFB-FF2F-46CF-98ED-62AB2704A12F}"
EndProject
Project("{FAE04EC0-301F-11D3-BF4B-00C04F79EFBC}") = "Entity.WebApi", "Entity.WebApi\Entity.WebApi.csproj", "{062E43AE-C832-49DE-8ACC-4FFC9ABB4073}"
EndProject
Project("{FAE04EC0-301F-11D3-BF4B-00C04F79EFBC}") = "Interface.WebApi", "Interface.WebApi\Interface.WebApi.csproj", "{13CA40EB-1DB9-43C8-A1FA-CB6580D27DC3}"
EndProject
Project("{FAE04EC0-301F-11D3-BF4B-00C04F79EFBC}") = "IQCare.WebApi.Logic", "IQCare.WebApi.Logic\IQCare.WebApi.Logic.csproj", "{62A2C82B-D183-4989-930A-E0451600A100}"
	ProjectSection(ProjectDependencies) = postProject
		{1D970911-06B2-41F5-97B5-BFAA0264D833} = {1D970911-06B2-41F5-97B5-BFAA0264D833}
		{062E43AE-C832-49DE-8ACC-4FFC9ABB4073} = {062E43AE-C832-49DE-8ACC-4FFC9ABB4073}
		{13CA40EB-1DB9-43C8-A1FA-CB6580D27DC3} = {13CA40EB-1DB9-43C8-A1FA-CB6580D27DC3}
		{88FAAEFB-FF2F-46CF-98ED-62AB2704A12F} = {88FAAEFB-FF2F-46CF-98ED-62AB2704A12F}
	EndProjectSection
EndProject
Global
	GlobalSection(SolutionConfigurationPlatforms) = preSolution
		Debug|Any CPU = Debug|Any CPU
		Release|Any CPU = Release|Any CPU
	EndGlobalSection
	GlobalSection(ProjectConfigurationPlatforms) = postSolution
		{3530AE08-582A-456A-A782-C78DBF6B9030}.Debug|Any CPU.ActiveCfg = Debug|Any CPU
		{3530AE08-582A-456A-A782-C78DBF6B9030}.Debug|Any CPU.Build.0 = Debug|Any CPU
		{3530AE08-582A-456A-A782-C78DBF6B9030}.Release|Any CPU.ActiveCfg = Release|Any CPU
		{3530AE08-582A-456A-A782-C78DBF6B9030}.Release|Any CPU.Build.0 = Release|Any CPU
		{1D970911-06B2-41F5-97B5-BFAA0264D833}.Debug|Any CPU.ActiveCfg = Debug|Any CPU
		{1D970911-06B2-41F5-97B5-BFAA0264D833}.Debug|Any CPU.Build.0 = Debug|Any CPU
		{1D970911-06B2-41F5-97B5-BFAA0264D833}.Release|Any CPU.ActiveCfg = Release|Any CPU
		{1D970911-06B2-41F5-97B5-BFAA0264D833}.Release|Any CPU.Build.0 = Release|Any CPU
		{88FAAEFB-FF2F-46CF-98ED-62AB2704A12F}.Debug|Any CPU.ActiveCfg = Debug|Any CPU
		{88FAAEFB-FF2F-46CF-98ED-62AB2704A12F}.Debug|Any CPU.Build.0 = Debug|Any CPU
		{88FAAEFB-FF2F-46CF-98ED-62AB2704A12F}.Release|Any CPU.ActiveCfg = Release|Any CPU
		{88FAAEFB-FF2F-46CF-98ED-62AB2704A12F}.Release|Any CPU.Build.0 = Release|Any CPU
		{062E43AE-C832-49DE-8ACC-4FFC9ABB4073}.Debug|Any CPU.ActiveCfg = Debug|Any CPU
		{062E43AE-C832-49DE-8ACC-4FFC9ABB4073}.Debug|Any CPU.Build.0 = Debug|Any CPU
		{062E43AE-C832-49DE-8ACC-4FFC9ABB4073}.Release|Any CPU.ActiveCfg = Release|Any CPU
		{062E43AE-C832-49DE-8ACC-4FFC9ABB4073}.Release|Any CPU.Build.0 = Release|Any CPU
		{13CA40EB-1DB9-43C8-A1FA-CB6580D27DC3}.Debug|Any CPU.ActiveCfg = Debug|Any CPU
		{13CA40EB-1DB9-43C8-A1FA-CB6580D27DC3}.Debug|Any CPU.Build.0 = Debug|Any CPU
		{13CA40EB-1DB9-43C8-A1FA-CB6580D27DC3}.Release|Any CPU.ActiveCfg = Release|Any CPU
		{13CA40EB-1DB9-43C8-A1FA-CB6580D27DC3}.Release|Any CPU.Build.0 = Release|Any CPU
		{62A2C82B-D183-4989-930A-E0451600A100}.Debug|Any CPU.ActiveCfg = Debug|Any CPU
		{62A2C82B-D183-4989-930A-E0451600A100}.Debug|Any CPU.Build.0 = Debug|Any CPU
		{62A2C82B-D183-4989-930A-E0451600A100}.Release|Any CPU.ActiveCfg = Release|Any CPU
		{62A2C82B-D183-4989-930A-E0451600A100}.Release|Any CPU.Build.0 = Release|Any CPU
	EndGlobalSection
	GlobalSection(SolutionProperties) = preSolution
		HideSolutionNode = FALSE
	EndGlobalSection
	GlobalSection(ExtensibilityGlobals) = postSolution
		SolutionGuid = {4DE15B77-CF0C-4905-9DBC-8B9E0E6876B7}
	EndGlobalSection
EndGlobal
