
Microsoft Visual Studio Solution File, Format Version 12.00
# Visual Studio 14
VisualStudioVersion = 14.0.25420.1
MinimumVisualStudioVersion = 10.0.40219.1
Project("{FAE04EC0-301F-11D3-BF4B-00C04F79EFBC}") = "IQCare.Web.CCC", "..\..\IQCare.CCC\IQCare.Web.CCC\IQCare.Web.CCC.csproj", "{1FD9CC7D-0CA8-4746-8565-AE446765410A}"
EndProject
Project("{FAE04EC0-301F-11D3-BF4B-00C04F79EFBC}") = "Common.Data", "Common.Data\Common.Data.csproj", "{1CAA9075-C252-468D-AE8C-C692BA8BEED9}"
EndProject
Project("{FAE04EC0-301F-11D3-BF4B-00C04F79EFBC}") = "Common.Core", "Common.Core\Common.Core.csproj", "{A786609E-42D6-42F3-949D-CDAB4FC5D15C}"
EndProject
Project("{2150E333-8FDC-42A3-9474-1A3956D46DE8}") = "Common", "Common", "{C34DF002-5BB0-40F7-B872-6C579E4F382C}"
EndProject
Project("{2150E333-8FDC-42A3-9474-1A3956D46DE8}") = "ConfigManagement", "ConfigManagement", "{C8A278D1-D63A-4EBF-9290-FAC3089FD32C}"
EndProject
Project("{FAE04EC0-301F-11D3-BF4B-00C04F79EFBC}") = "Config.Core", "Config.Core\Config.Core.csproj", "{646960B7-1498-434C-B385-DA1C344B9919}"
EndProject
Project("{FAE04EC0-301F-11D3-BF4B-00C04F79EFBC}") = "Config.Data", "Config.Data\Config.Data.csproj", "{FBE1355F-E166-4505-A6D7-F9D7BBA35D36}"
EndProject
Project("{FAE04EC0-301F-11D3-BF4B-00C04F79EFBC}") = "Config.Data.Tests", "Config.Data.Tests\Config.Data.Tests.csproj", "{F08EF5A7-F0F0-4CA5-9BD7-3ABF5A04BF23}"
EndProject
Project("{2150E333-8FDC-42A3-9474-1A3956D46DE8}") = "PatientManagement", "PatientManagement", "{B1B84981-4122-4BDC-833F-1480D3758238}"
EndProject
Project("{2150E333-8FDC-42A3-9474-1A3956D46DE8}") = "UnitOfWork", "UnitOfWork", "{5DD7ABCA-6E78-4457-85E4-D9B1B4544A5C}"
EndProject
Project("{FAE04EC0-301F-11D3-BF4B-00C04F79EFBC}") = "PatientManagement.Data", "Patient.Data\PatientManagement.Data.csproj", "{E6001FC0-D3BD-4E2B-BF61-16D2D25312BF}"
EndProject
Project("{FAE04EC0-301F-11D3-BF4B-00C04F79EFBC}") = "PatientManagement.Core", "Patient.Core\PatientManagement.Core.csproj", "{E734FAE0-DBF0-4B89-8681-AC53ACAD3B4D}"
EndProject
Project("{FAE04EC0-301F-11D3-BF4B-00C04F79EFBC}") = "Unitofwork.Core", "Unitofwork.Core\Unitofwork.Core.csproj", "{62E5E5B9-E17E-48F8-9768-A9B64323805C}"
EndProject
Project("{FAE04EC0-301F-11D3-BF4B-00C04F79EFBC}") = "Unitofwork.data", "Unitofwork.data\Unitofwork.data.csproj", "{51B6E3C8-A974-4D05-963F-5EBFC8F85DE4}"
EndProject
Global
	GlobalSection(SolutionConfigurationPlatforms) = preSolution
		Debug|Any CPU = Debug|Any CPU
		Release|Any CPU = Release|Any CPU
	EndGlobalSection
	GlobalSection(ProjectConfigurationPlatforms) = postSolution
		{1FD9CC7D-0CA8-4746-8565-AE446765410A}.Debug|Any CPU.ActiveCfg = Debug|Any CPU
		{1FD9CC7D-0CA8-4746-8565-AE446765410A}.Debug|Any CPU.Build.0 = Debug|Any CPU
		{1FD9CC7D-0CA8-4746-8565-AE446765410A}.Release|Any CPU.ActiveCfg = Release|Any CPU
		{1FD9CC7D-0CA8-4746-8565-AE446765410A}.Release|Any CPU.Build.0 = Release|Any CPU
		{1CAA9075-C252-468D-AE8C-C692BA8BEED9}.Debug|Any CPU.ActiveCfg = Debug|Any CPU
		{1CAA9075-C252-468D-AE8C-C692BA8BEED9}.Debug|Any CPU.Build.0 = Debug|Any CPU
		{1CAA9075-C252-468D-AE8C-C692BA8BEED9}.Release|Any CPU.ActiveCfg = Release|Any CPU
		{1CAA9075-C252-468D-AE8C-C692BA8BEED9}.Release|Any CPU.Build.0 = Release|Any CPU
		{A786609E-42D6-42F3-949D-CDAB4FC5D15C}.Debug|Any CPU.ActiveCfg = Debug|Any CPU
		{A786609E-42D6-42F3-949D-CDAB4FC5D15C}.Debug|Any CPU.Build.0 = Debug|Any CPU
		{A786609E-42D6-42F3-949D-CDAB4FC5D15C}.Release|Any CPU.ActiveCfg = Release|Any CPU
		{A786609E-42D6-42F3-949D-CDAB4FC5D15C}.Release|Any CPU.Build.0 = Release|Any CPU
		{646960B7-1498-434C-B385-DA1C344B9919}.Debug|Any CPU.ActiveCfg = Debug|Any CPU
		{646960B7-1498-434C-B385-DA1C344B9919}.Debug|Any CPU.Build.0 = Debug|Any CPU
		{646960B7-1498-434C-B385-DA1C344B9919}.Release|Any CPU.ActiveCfg = Release|Any CPU
		{646960B7-1498-434C-B385-DA1C344B9919}.Release|Any CPU.Build.0 = Release|Any CPU
		{FBE1355F-E166-4505-A6D7-F9D7BBA35D36}.Debug|Any CPU.ActiveCfg = Debug|Any CPU
		{FBE1355F-E166-4505-A6D7-F9D7BBA35D36}.Debug|Any CPU.Build.0 = Debug|Any CPU
		{FBE1355F-E166-4505-A6D7-F9D7BBA35D36}.Release|Any CPU.ActiveCfg = Release|Any CPU
		{FBE1355F-E166-4505-A6D7-F9D7BBA35D36}.Release|Any CPU.Build.0 = Release|Any CPU
		{F08EF5A7-F0F0-4CA5-9BD7-3ABF5A04BF23}.Debug|Any CPU.ActiveCfg = Debug|Any CPU
		{F08EF5A7-F0F0-4CA5-9BD7-3ABF5A04BF23}.Debug|Any CPU.Build.0 = Debug|Any CPU
		{F08EF5A7-F0F0-4CA5-9BD7-3ABF5A04BF23}.Release|Any CPU.ActiveCfg = Release|Any CPU
		{F08EF5A7-F0F0-4CA5-9BD7-3ABF5A04BF23}.Release|Any CPU.Build.0 = Release|Any CPU
		{E6001FC0-D3BD-4E2B-BF61-16D2D25312BF}.Debug|Any CPU.ActiveCfg = Debug|Any CPU
		{E6001FC0-D3BD-4E2B-BF61-16D2D25312BF}.Debug|Any CPU.Build.0 = Debug|Any CPU
		{E6001FC0-D3BD-4E2B-BF61-16D2D25312BF}.Release|Any CPU.ActiveCfg = Release|Any CPU
		{E6001FC0-D3BD-4E2B-BF61-16D2D25312BF}.Release|Any CPU.Build.0 = Release|Any CPU
		{E734FAE0-DBF0-4B89-8681-AC53ACAD3B4D}.Debug|Any CPU.ActiveCfg = Debug|Any CPU
		{E734FAE0-DBF0-4B89-8681-AC53ACAD3B4D}.Debug|Any CPU.Build.0 = Debug|Any CPU
		{E734FAE0-DBF0-4B89-8681-AC53ACAD3B4D}.Release|Any CPU.ActiveCfg = Release|Any CPU
		{E734FAE0-DBF0-4B89-8681-AC53ACAD3B4D}.Release|Any CPU.Build.0 = Release|Any CPU
		{62E5E5B9-E17E-48F8-9768-A9B64323805C}.Debug|Any CPU.ActiveCfg = Debug|Any CPU
		{62E5E5B9-E17E-48F8-9768-A9B64323805C}.Debug|Any CPU.Build.0 = Debug|Any CPU
		{62E5E5B9-E17E-48F8-9768-A9B64323805C}.Release|Any CPU.ActiveCfg = Release|Any CPU
		{62E5E5B9-E17E-48F8-9768-A9B64323805C}.Release|Any CPU.Build.0 = Release|Any CPU
		{51B6E3C8-A974-4D05-963F-5EBFC8F85DE4}.Debug|Any CPU.ActiveCfg = Debug|Any CPU
		{51B6E3C8-A974-4D05-963F-5EBFC8F85DE4}.Debug|Any CPU.Build.0 = Debug|Any CPU
		{51B6E3C8-A974-4D05-963F-5EBFC8F85DE4}.Release|Any CPU.ActiveCfg = Release|Any CPU
		{51B6E3C8-A974-4D05-963F-5EBFC8F85DE4}.Release|Any CPU.Build.0 = Release|Any CPU
	EndGlobalSection
	GlobalSection(SolutionProperties) = preSolution
		HideSolutionNode = FALSE
	EndGlobalSection
	GlobalSection(NestedProjects) = preSolution
		{1CAA9075-C252-468D-AE8C-C692BA8BEED9} = {C34DF002-5BB0-40F7-B872-6C579E4F382C}
		{A786609E-42D6-42F3-949D-CDAB4FC5D15C} = {C34DF002-5BB0-40F7-B872-6C579E4F382C}
		{646960B7-1498-434C-B385-DA1C344B9919} = {C8A278D1-D63A-4EBF-9290-FAC3089FD32C}
		{FBE1355F-E166-4505-A6D7-F9D7BBA35D36} = {C8A278D1-D63A-4EBF-9290-FAC3089FD32C}
		{F08EF5A7-F0F0-4CA5-9BD7-3ABF5A04BF23} = {C8A278D1-D63A-4EBF-9290-FAC3089FD32C}
		{E6001FC0-D3BD-4E2B-BF61-16D2D25312BF} = {B1B84981-4122-4BDC-833F-1480D3758238}
		{E734FAE0-DBF0-4B89-8681-AC53ACAD3B4D} = {B1B84981-4122-4BDC-833F-1480D3758238}
		{62E5E5B9-E17E-48F8-9768-A9B64323805C} = {5DD7ABCA-6E78-4457-85E4-D9B1B4544A5C}
		{51B6E3C8-A974-4D05-963F-5EBFC8F85DE4} = {5DD7ABCA-6E78-4457-85E4-D9B1B4544A5C}
	EndGlobalSection
EndGlobal
