
Microsoft Visual Studio Solution File, Format Version 12.00
# Visual Studio 15
VisualStudioVersion = 15.0.26730.16
MinimumVisualStudioVersion = 10.0.40219.1
Project("{FAE04EC0-301F-11D3-BF4B-00C04F79EFBC}") = "BusinessProcess.Service", "..\..\BusinessProcess\BusinessProcess.Service\BusinessProcess.Service.csproj", "{D4E4D2B3-1287-45B9-8C39-241387CA54C8}"
EndProject
Project("{FAE04EC0-301F-11D3-BF4B-00C04F79EFBC}") = "BusinessProcess.Security", "..\..\BusinessProcess\BusinessProcess.Security\BusinessProcess.Security.csproj", "{E5753796-926B-47B2-8856-0CAEA6BED4B6}"
EndProject
Project("{FAE04EC0-301F-11D3-BF4B-00C04F79EFBC}") = "BusinessProcess.SCM", "..\..\BusinessProcess\BusinessProcess.SCM\BusinessProcess.SCM.csproj", "{17D04A78-611C-465B-A128-4214BFF52687}"
EndProject
Project("{FAE04EC0-301F-11D3-BF4B-00C04F79EFBC}") = "BusinessProcess.Scheduler", "..\..\BusinessProcess\BusinessProcess.Scheduler\BusinessProcess.Scheduler.csproj", "{906F49BF-520A-45AD-89EB-2E4FCC8B59E2}"
EndProject
Project("{FAE04EC0-301F-11D3-BF4B-00C04F79EFBC}") = "BusinessProcess.Reports", "..\..\BusinessProcess\BusinessProcess.Reports\BusinessProcess.Reports.csproj", "{F839F099-3FD5-4733-8699-3683FFC32D87}"
EndProject
Project("{FAE04EC0-301F-11D3-BF4B-00C04F79EFBC}") = "BusinessProcess.Pharmacy", "..\..\BusinessProcess\BusinessProcess.Pharmacy\BusinessProcess.Pharmacy.csproj", "{F2ACE509-D1D0-4284-880E-B51173BF9F9E}"
EndProject
Project("{FAE04EC0-301F-11D3-BF4B-00C04F79EFBC}") = "BusinessProcess.IQReports", "..\..\BusinessProcess\BusinessProcess.IQReports\BusinessProcess.IQReports.csproj", "{BFFD702A-7CD0-4912-AEA8-FBFFD08FD5CE}"
EndProject
Project("{FAE04EC0-301F-11D3-BF4B-00C04F79EFBC}") = "BusinessProcess.Laboratory", "..\..\BusinessProcess\BusinessProcess.Laboratory\BusinessProcess.Laboratory.csproj", "{376C3F48-6B0E-4BF4-B622-0CC4606FA6AD}"
	ProjectSection(ProjectDependencies) = postProject
		{6D1D2CE5-DBE2-44EC-92B0-5B2BFA703ACC} = {6D1D2CE5-DBE2-44EC-92B0-5B2BFA703ACC}
	EndProjectSection
EndProject
Project("{FAE04EC0-301F-11D3-BF4B-00C04F79EFBC}") = "BusinessProcess.FormBuilder", "..\..\BusinessProcess\BusinessProcess.FormBuilder\BusinessProcess.FormBuilder.csproj", "{0FB67E76-16ED-4F07-BCDB-2DDDACFEAFA5}"
EndProject
Project("{FAE04EC0-301F-11D3-BF4B-00C04F79EFBC}") = "BusinessProcess.Clinical", "..\..\BusinessProcess\BusinessProcess.Clinical\BusinessProcess.Clinical.csproj", "{3A0E522E-2794-4044-B6BD-89F880485C6B}"
EndProject
Project("{FAE04EC0-301F-11D3-BF4B-00C04F79EFBC}") = "BusinessProcess.Administration", "..\..\BusinessProcess\BusinessProcess.Administration\BusinessProcess.Administration.csproj", "{43C54C10-7642-4D56-8B1C-038E329346B3}"
EndProject
Project("{FAE04EC0-301F-11D3-BF4B-00C04F79EFBC}") = "BusinessProcess.PatientCore", "..\..\BusinessProcess\BusinessProcess.PatientCore\BusinessProcess.PatientCore.csproj", "{6D1D2CE5-DBE2-44EC-92B0-5B2BFA703ACC}"
EndProject
Global
	GlobalSection(SolutionConfigurationPlatforms) = preSolution
		Debug|Any CPU = Debug|Any CPU
		Release|Any CPU = Release|Any CPU
	EndGlobalSection
	GlobalSection(ProjectConfigurationPlatforms) = postSolution
		{D4E4D2B3-1287-45B9-8C39-241387CA54C8}.Debug|Any CPU.ActiveCfg = Debug|Any CPU
		{D4E4D2B3-1287-45B9-8C39-241387CA54C8}.Debug|Any CPU.Build.0 = Debug|Any CPU
		{D4E4D2B3-1287-45B9-8C39-241387CA54C8}.Release|Any CPU.ActiveCfg = Release|Any CPU
		{D4E4D2B3-1287-45B9-8C39-241387CA54C8}.Release|Any CPU.Build.0 = Release|Any CPU
		{E5753796-926B-47B2-8856-0CAEA6BED4B6}.Debug|Any CPU.ActiveCfg = Debug|Any CPU
		{E5753796-926B-47B2-8856-0CAEA6BED4B6}.Debug|Any CPU.Build.0 = Debug|Any CPU
		{E5753796-926B-47B2-8856-0CAEA6BED4B6}.Release|Any CPU.ActiveCfg = Release|Any CPU
		{E5753796-926B-47B2-8856-0CAEA6BED4B6}.Release|Any CPU.Build.0 = Release|Any CPU
		{17D04A78-611C-465B-A128-4214BFF52687}.Debug|Any CPU.ActiveCfg = Debug|Any CPU
		{17D04A78-611C-465B-A128-4214BFF52687}.Debug|Any CPU.Build.0 = Debug|Any CPU
		{17D04A78-611C-465B-A128-4214BFF52687}.Release|Any CPU.ActiveCfg = Release|Any CPU
		{17D04A78-611C-465B-A128-4214BFF52687}.Release|Any CPU.Build.0 = Release|Any CPU
		{906F49BF-520A-45AD-89EB-2E4FCC8B59E2}.Debug|Any CPU.ActiveCfg = Debug|Any CPU
		{906F49BF-520A-45AD-89EB-2E4FCC8B59E2}.Debug|Any CPU.Build.0 = Debug|Any CPU
		{906F49BF-520A-45AD-89EB-2E4FCC8B59E2}.Release|Any CPU.ActiveCfg = Release|Any CPU
		{906F49BF-520A-45AD-89EB-2E4FCC8B59E2}.Release|Any CPU.Build.0 = Release|Any CPU
		{F839F099-3FD5-4733-8699-3683FFC32D87}.Debug|Any CPU.ActiveCfg = Debug|Any CPU
		{F839F099-3FD5-4733-8699-3683FFC32D87}.Debug|Any CPU.Build.0 = Debug|Any CPU
		{F839F099-3FD5-4733-8699-3683FFC32D87}.Release|Any CPU.ActiveCfg = Release|Any CPU
		{F839F099-3FD5-4733-8699-3683FFC32D87}.Release|Any CPU.Build.0 = Release|Any CPU
		{F2ACE509-D1D0-4284-880E-B51173BF9F9E}.Debug|Any CPU.ActiveCfg = Debug|Any CPU
		{F2ACE509-D1D0-4284-880E-B51173BF9F9E}.Debug|Any CPU.Build.0 = Debug|Any CPU
		{F2ACE509-D1D0-4284-880E-B51173BF9F9E}.Release|Any CPU.ActiveCfg = Release|Any CPU
		{F2ACE509-D1D0-4284-880E-B51173BF9F9E}.Release|Any CPU.Build.0 = Release|Any CPU
		{BFFD702A-7CD0-4912-AEA8-FBFFD08FD5CE}.Debug|Any CPU.ActiveCfg = Debug|Any CPU
		{BFFD702A-7CD0-4912-AEA8-FBFFD08FD5CE}.Debug|Any CPU.Build.0 = Debug|Any CPU
		{BFFD702A-7CD0-4912-AEA8-FBFFD08FD5CE}.Release|Any CPU.ActiveCfg = Release|Any CPU
		{BFFD702A-7CD0-4912-AEA8-FBFFD08FD5CE}.Release|Any CPU.Build.0 = Release|Any CPU
		{376C3F48-6B0E-4BF4-B622-0CC4606FA6AD}.Debug|Any CPU.ActiveCfg = Debug|Any CPU
		{376C3F48-6B0E-4BF4-B622-0CC4606FA6AD}.Debug|Any CPU.Build.0 = Debug|Any CPU
		{376C3F48-6B0E-4BF4-B622-0CC4606FA6AD}.Release|Any CPU.ActiveCfg = Release|Any CPU
		{376C3F48-6B0E-4BF4-B622-0CC4606FA6AD}.Release|Any CPU.Build.0 = Release|Any CPU
		{0FB67E76-16ED-4F07-BCDB-2DDDACFEAFA5}.Debug|Any CPU.ActiveCfg = Debug|Any CPU
		{0FB67E76-16ED-4F07-BCDB-2DDDACFEAFA5}.Debug|Any CPU.Build.0 = Debug|Any CPU
		{0FB67E76-16ED-4F07-BCDB-2DDDACFEAFA5}.Release|Any CPU.ActiveCfg = Release|Any CPU
		{0FB67E76-16ED-4F07-BCDB-2DDDACFEAFA5}.Release|Any CPU.Build.0 = Release|Any CPU
		{3A0E522E-2794-4044-B6BD-89F880485C6B}.Debug|Any CPU.ActiveCfg = Debug|Any CPU
		{3A0E522E-2794-4044-B6BD-89F880485C6B}.Debug|Any CPU.Build.0 = Debug|Any CPU
		{3A0E522E-2794-4044-B6BD-89F880485C6B}.Release|Any CPU.ActiveCfg = Release|Any CPU
		{3A0E522E-2794-4044-B6BD-89F880485C6B}.Release|Any CPU.Build.0 = Release|Any CPU
		{43C54C10-7642-4D56-8B1C-038E329346B3}.Debug|Any CPU.ActiveCfg = Debug|Any CPU
		{43C54C10-7642-4D56-8B1C-038E329346B3}.Debug|Any CPU.Build.0 = Debug|Any CPU
		{43C54C10-7642-4D56-8B1C-038E329346B3}.Release|Any CPU.ActiveCfg = Release|Any CPU
		{43C54C10-7642-4D56-8B1C-038E329346B3}.Release|Any CPU.Build.0 = Release|Any CPU
		{6D1D2CE5-DBE2-44EC-92B0-5B2BFA703ACC}.Debug|Any CPU.ActiveCfg = Debug|Any CPU
		{6D1D2CE5-DBE2-44EC-92B0-5B2BFA703ACC}.Debug|Any CPU.Build.0 = Debug|Any CPU
		{6D1D2CE5-DBE2-44EC-92B0-5B2BFA703ACC}.Release|Any CPU.ActiveCfg = Release|Any CPU
		{6D1D2CE5-DBE2-44EC-92B0-5B2BFA703ACC}.Release|Any CPU.Build.0 = Release|Any CPU
	EndGlobalSection
	GlobalSection(SolutionProperties) = preSolution
		HideSolutionNode = FALSE
	EndGlobalSection
	GlobalSection(ExtensibilityGlobals) = postSolution
		SolutionGuid = {83930515-C7A4-4B64-8B32-E0E229945930}
	EndGlobalSection
EndGlobal
